
Microsoft Visual Studio Solution File, Format Version 12.00
# Visual Studio 14
VisualStudioVersion = 14.0.23107.0
MinimumVisualStudioVersion = 10.0.40219.1
Project("{FAE04EC0-301F-11D3-BF4B-00C04F79EFBC}") = "PokerGamePlayer", "PokerGame\PokerGamePlayer.csproj", "{28EF3305-9000-4761-83F1-24DBE78D905C}"
EndProject
Project("{FAE04EC0-301F-11D3-BF4B-00C04F79EFBC}") = "ForceTexasHoldemPlayer", "ForceTexasHoldemPlayer\ForceTexasHoldemPlayer.csproj", "{1091EF52-0596-4007-97E9-F2989C4BDA07}"
EndProject
Project("{FAE04EC0-301F-11D3-BF4B-00C04F79EFBC}") = "SmartPlayer", "SmartPlayer\SmartPlayer.csproj", "{7DD1937F-8276-4EA5-A771-51E2080CB4EF}"
EndProject
Global
	GlobalSection(SolutionConfigurationPlatforms) = preSolution
		Debug|Any CPU = Debug|Any CPU
		Release|Any CPU = Release|Any CPU
	EndGlobalSection
	GlobalSection(ProjectConfigurationPlatforms) = postSolution
		{28EF3305-9000-4761-83F1-24DBE78D905C}.Debug|Any CPU.ActiveCfg = Debug|Any CPU
		{28EF3305-9000-4761-83F1-24DBE78D905C}.Debug|Any CPU.Build.0 = Debug|Any CPU
		{28EF3305-9000-4761-83F1-24DBE78D905C}.Release|Any CPU.ActiveCfg = Release|Any CPU
		{28EF3305-9000-4761-83F1-24DBE78D905C}.Release|Any CPU.Build.0 = Release|Any CPU
		{1091EF52-0596-4007-97E9-F2989C4BDA07}.Debug|Any CPU.ActiveCfg = Debug|Any CPU
		{1091EF52-0596-4007-97E9-F2989C4BDA07}.Debug|Any CPU.Build.0 = Debug|Any CPU
		{1091EF52-0596-4007-97E9-F2989C4BDA07}.Release|Any CPU.ActiveCfg = Release|Any CPU
		{1091EF52-0596-4007-97E9-F2989C4BDA07}.Release|Any CPU.Build.0 = Release|Any CPU
		{7DD1937F-8276-4EA5-A771-51E2080CB4EF}.Debug|Any CPU.ActiveCfg = Debug|Any CPU
		{7DD1937F-8276-4EA5-A771-51E2080CB4EF}.Debug|Any CPU.Build.0 = Debug|Any CPU
		{7DD1937F-8276-4EA5-A771-51E2080CB4EF}.Release|Any CPU.ActiveCfg = Release|Any CPU
		{7DD1937F-8276-4EA5-A771-51E2080CB4EF}.Release|Any CPU.Build.0 = Release|Any CPU
	EndGlobalSection
	GlobalSection(SolutionProperties) = preSolution
		HideSolutionNode = FALSE
	EndGlobalSection
EndGlobal
